
Microsoft Visual Studio Solution File, Format Version 12.00
# Visual Studio Version 16
VisualStudioVersion = 16.0.31112.23
MinimumVisualStudioVersion = 10.0.40219.1
Project("{FAE04EC0-301F-11D3-BF4B-00C04F79EFBC}") = "TestAppForDavasorus", "TestAppForDavasorus\TestAppForDavasorus.csproj", "{F8B2AE07-6EBF-403C-8F9E-8BBFF4BB7CFC}"
EndProject
Global
	GlobalSection(SolutionConfigurationPlatforms) = preSolution
		Debug|Any CPU = Debug|Any CPU
		Release|Any CPU = Release|Any CPU
	EndGlobalSection
	GlobalSection(ProjectConfigurationPlatforms) = postSolution
		{F8B2AE07-6EBF-403C-8F9E-8BBFF4BB7CFC}.Debug|Any CPU.ActiveCfg = Debug|Any CPU
		{F8B2AE07-6EBF-403C-8F9E-8BBFF4BB7CFC}.Debug|Any CPU.Build.0 = Debug|Any CPU
		{F8B2AE07-6EBF-403C-8F9E-8BBFF4BB7CFC}.Release|Any CPU.ActiveCfg = Release|Any CPU
		{F8B2AE07-6EBF-403C-8F9E-8BBFF4BB7CFC}.Release|Any CPU.Build.0 = Release|Any CPU
	EndGlobalSection
	GlobalSection(SolutionProperties) = preSolution
		HideSolutionNode = FALSE
	EndGlobalSection
	GlobalSection(ExtensibilityGlobals) = postSolution
		SolutionGuid = {D703D626-15EF-4E99-8D65-CF64AA3C9082}
	EndGlobalSection
EndGlobal
